// !$*UTF8*$!
{
	archiveVersion = 1;
	classes = {
	};
	objectVersion = 46;
	objects = {

/* Begin PBXBuildFile section */
		08292F111BF7D82D0055F357 /* blockerList.json in Resources */ = {isa = PBXBuildFile; fileRef = 08292F0F1BF7D8260055F357 /* blockerList.json */; };
		08292F191BF8CFCD0055F357 /* Constants.swift in Sources */ = {isa = PBXBuildFile; fileRef = 08292F171BF8CFCD0055F357 /* Constants.swift */; };
		08292F1A1BF8CFCD0055F357 /* Logger.swift in Sources */ = {isa = PBXBuildFile; fileRef = 08292F181BF8CFCD0055F357 /* Logger.swift */; };
		08292F1D1BF8CFD60055F357 /* BackgroundDownloader.swift in Sources */ = {isa = PBXBuildFile; fileRef = 08292F1B1BF8CFD60055F357 /* BackgroundDownloader.swift */; };
		08292F1E1BF8CFD60055F357 /* ForegroundDownloader.swift in Sources */ = {isa = PBXBuildFile; fileRef = 08292F1C1BF8CFD60055F357 /* ForegroundDownloader.swift */; };
		08292F201BF8D03D0055F357 /* TwentyOneContentBlocker.entitlements in Resources */ = {isa = PBXBuildFile; fileRef = 08292F1F1BF8D03D0055F357 /* TwentyOneContentBlocker.entitlements */; };
		08292F241BF8D0A50055F357 /* TwentyOne.entitlements in Resources */ = {isa = PBXBuildFile; fileRef = 08292F231BF8D0A50055F357 /* TwentyOne.entitlements */; };
		08292F251BF8D0BB0055F357 /* Constants.swift in Sources */ = {isa = PBXBuildFile; fileRef = 08292F171BF8CFCD0055F357 /* Constants.swift */; };
		08F02EF21BF6C3E800B5E57E /* BlockListUpdater.swift in Sources */ = {isa = PBXBuildFile; fileRef = 08F02EF11BF6C3E800B5E57E /* BlockListUpdater.swift */; };
		08F9669C1BF799EB007C9E2A /* SafariStepIconView.swift in Sources */ = {isa = PBXBuildFile; fileRef = 08F9669B1BF799EB007C9E2A /* SafariStepIconView.swift */; };
		08F9669F1BF79A43007C9E2A /* SettingsStepIconView.swift in Sources */ = {isa = PBXBuildFile; fileRef = 08F9669E1BF79A43007C9E2A /* SettingsStepIconView.swift */; };
		08F966A11BF79A61007C9E2A /* ContentBlockerStepIconView.swift in Sources */ = {isa = PBXBuildFile; fileRef = 08F966A01BF79A61007C9E2A /* ContentBlockerStepIconView.swift */; };
		08F966A31BF79A7C007C9E2A /* TwentyOneStepIconView.swift in Sources */ = {isa = PBXBuildFile; fileRef = 08F966A21BF79A7C007C9E2A /* TwentyOneStepIconView.swift */; };
		08F966A91BF7A43A007C9E2A /* ProceduralImages.swift in Sources */ = {isa = PBXBuildFile; fileRef = 08F966A81BF7A43A007C9E2A /* ProceduralImages.swift */; };
		08F966AB1BF7A499007C9E2A /* TwentyOneHeaderIconView.swift in Sources */ = {isa = PBXBuildFile; fileRef = 08F966AA1BF7A499007C9E2A /* TwentyOneHeaderIconView.swift */; };
		08FD31771BF3D2F900D30625 /* AppDelegate.swift in Sources */ = {isa = PBXBuildFile; fileRef = 08FD31761BF3D2F900D30625 /* AppDelegate.swift */; };
		08FD31791BF3D2F900D30625 /* ViewController.swift in Sources */ = {isa = PBXBuildFile; fileRef = 08FD31781BF3D2F900D30625 /* ViewController.swift */; };
		08FD317C1BF3D2F900D30625 /* Main.storyboard in Resources */ = {isa = PBXBuildFile; fileRef = 08FD317A1BF3D2F900D30625 /* Main.storyboard */; };
		08FD317E1BF3D2F900D30625 /* Assets.xcassets in Resources */ = {isa = PBXBuildFile; fileRef = 08FD317D1BF3D2F900D30625 /* Assets.xcassets */; };
		08FD31811BF3D2F900D30625 /* LaunchScreen.storyboard in Resources */ = {isa = PBXBuildFile; fileRef = 08FD317F1BF3D2F900D30625 /* LaunchScreen.storyboard */; };
		08FD31911BF3D3D400D30625 /* ActionRequestHandler.swift in Sources */ = {isa = PBXBuildFile; fileRef = 08FD31901BF3D3D400D30625 /* ActionRequestHandler.swift */; };
		08FD31951BF3D3D400D30625 /* TwentyOneContentBlocker.appex in Embed App Extensions */ = {isa = PBXBuildFile; fileRef = 08FD318C1BF3D3D400D30625 /* TwentyOneContentBlocker.appex */; settings = {ATTRIBUTES = (RemoveHeadersOnCopy, ); }; };
/* End PBXBuildFile section */

/* Begin PBXContainerItemProxy section */
		08FD31931BF3D3D400D30625 /* PBXContainerItemProxy */ = {
			isa = PBXContainerItemProxy;
			containerPortal = 08FD316B1BF3D2F900D30625 /* Project object */;
			proxyType = 1;
			remoteGlobalIDString = 08FD318B1BF3D3D400D30625;
			remoteInfo = ContentBlocker;
		};
/* End PBXContainerItemProxy section */

/* Begin PBXCopyFilesBuildPhase section */
		08FD31991BF3D3D400D30625 /* Embed App Extensions */ = {
			isa = PBXCopyFilesBuildPhase;
			buildActionMask = 2147483647;
			dstPath = "";
			dstSubfolderSpec = 13;
			files = (
				08FD31951BF3D3D400D30625 /* TwentyOneContentBlocker.appex in Embed App Extensions */,
			);
			name = "Embed App Extensions";
			runOnlyForDeploymentPostprocessing = 0;
		};
/* End PBXCopyFilesBuildPhase section */

/* Begin PBXFileReference section */
		08292F0F1BF7D8260055F357 /* blockerList.json */ = {isa = PBXFileReference; fileEncoding = 4; lastKnownFileType = text.json; name = blockerList.json; path = SafariExtension/twentyone.safariextension/blockerList.json; sourceTree = SOURCE_ROOT; };
		08292F171BF8CFCD0055F357 /* Constants.swift */ = {isa = PBXFileReference; fileEncoding = 4; lastKnownFileType = sourcecode.swift; name = Constants.swift; path = support/Constants.swift; sourceTree = "<group>"; };
		08292F181BF8CFCD0055F357 /* Logger.swift */ = {isa = PBXFileReference; fileEncoding = 4; lastKnownFileType = sourcecode.swift; name = Logger.swift; path = support/Logger.swift; sourceTree = "<group>"; };
		08292F1B1BF8CFD60055F357 /* BackgroundDownloader.swift */ = {isa = PBXFileReference; fileEncoding = 4; lastKnownFileType = sourcecode.swift; name = BackgroundDownloader.swift; path = downloading/BackgroundDownloader.swift; sourceTree = "<group>"; };
		08292F1C1BF8CFD60055F357 /* ForegroundDownloader.swift */ = {isa = PBXFileReference; fileEncoding = 4; lastKnownFileType = sourcecode.swift; name = ForegroundDownloader.swift; path = downloading/ForegroundDownloader.swift; sourceTree = "<group>"; };
		08292F1F1BF8D03D0055F357 /* TwentyOneContentBlocker.entitlements */ = {isa = PBXFileReference; fileEncoding = 4; lastKnownFileType = text.xml; name = TwentyOneContentBlocker.entitlements; path = TwentyOne/entitlements/TwentyOneContentBlocker.entitlements; sourceTree = SOURCE_ROOT; };
		08292F231BF8D0A50055F357 /* TwentyOne.entitlements */ = {isa = PBXFileReference; fileEncoding = 4; lastKnownFileType = text.xml; name = TwentyOne.entitlements; path = entitlements/TwentyOne.entitlements; sourceTree = "<group>"; };
		08F02EF11BF6C3E800B5E57E /* BlockListUpdater.swift */ = {isa = PBXFileReference; fileEncoding = 4; lastKnownFileType = sourcecode.swift; path = BlockListUpdater.swift; sourceTree = "<group>"; };
		08F9669B1BF799EB007C9E2A /* SafariStepIconView.swift */ = {isa = PBXFileReference; fileEncoding = 4; lastKnownFileType = sourcecode.swift; name = SafariStepIconView.swift; path = iconViews/SafariStepIconView.swift; sourceTree = "<group>"; };
		08F9669E1BF79A43007C9E2A /* SettingsStepIconView.swift */ = {isa = PBXFileReference; fileEncoding = 4; lastKnownFileType = sourcecode.swift; name = SettingsStepIconView.swift; path = iconViews/SettingsStepIconView.swift; sourceTree = "<group>"; };
		08F966A01BF79A61007C9E2A /* ContentBlockerStepIconView.swift */ = {isa = PBXFileReference; fileEncoding = 4; lastKnownFileType = sourcecode.swift; name = ContentBlockerStepIconView.swift; path = iconViews/ContentBlockerStepIconView.swift; sourceTree = "<group>"; };
		08F966A21BF79A7C007C9E2A /* TwentyOneStepIconView.swift */ = {isa = PBXFileReference; fileEncoding = 4; lastKnownFileType = sourcecode.swift; name = TwentyOneStepIconView.swift; path = iconViews/TwentyOneStepIconView.swift; sourceTree = "<group>"; };
		08F966A81BF7A43A007C9E2A /* ProceduralImages.swift */ = {isa = PBXFileReference; fileEncoding = 4; lastKnownFileType = sourcecode.swift; path = ProceduralImages.swift; sourceTree = "<group>"; };
		08F966AA1BF7A499007C9E2A /* TwentyOneHeaderIconView.swift */ = {isa = PBXFileReference; fileEncoding = 4; lastKnownFileType = sourcecode.swift; name = TwentyOneHeaderIconView.swift; path = iconViews/TwentyOneHeaderIconView.swift; sourceTree = "<group>"; };
		08FD31731BF3D2F900D30625 /* Twenty One.app */ = {isa = PBXFileReference; explicitFileType = wrapper.application; includeInIndex = 0; path = "Twenty One.app"; sourceTree = BUILT_PRODUCTS_DIR; };
		08FD31761BF3D2F900D30625 /* AppDelegate.swift */ = {isa = PBXFileReference; lastKnownFileType = sourcecode.swift; path = AppDelegate.swift; sourceTree = "<group>"; };
		08FD31781BF3D2F900D30625 /* ViewController.swift */ = {isa = PBXFileReference; lastKnownFileType = sourcecode.swift; path = ViewController.swift; sourceTree = "<group>"; };
		08FD317B1BF3D2F900D30625 /* Base */ = {isa = PBXFileReference; lastKnownFileType = file.storyboard; name = Base; path = Base.lproj/Main.storyboard; sourceTree = "<group>"; };
		08FD317D1BF3D2F900D30625 /* Assets.xcassets */ = {isa = PBXFileReference; lastKnownFileType = folder.assetcatalog; path = Assets.xcassets; sourceTree = "<group>"; };
		08FD31801BF3D2F900D30625 /* Base */ = {isa = PBXFileReference; lastKnownFileType = file.storyboard; name = Base; path = Base.lproj/LaunchScreen.storyboard; sourceTree = "<group>"; };
		08FD31821BF3D2F900D30625 /* Info.plist */ = {isa = PBXFileReference; lastKnownFileType = text.plist.xml; path = Info.plist; sourceTree = "<group>"; };
		08FD318C1BF3D3D400D30625 /* TwentyOneContentBlocker.appex */ = {isa = PBXFileReference; explicitFileType = "wrapper.app-extension"; includeInIndex = 0; path = TwentyOneContentBlocker.appex; sourceTree = BUILT_PRODUCTS_DIR; };
		08FD31901BF3D3D400D30625 /* ActionRequestHandler.swift */ = {isa = PBXFileReference; lastKnownFileType = sourcecode.swift; path = ActionRequestHandler.swift; sourceTree = "<group>"; };
		08FD31921BF3D3D400D30625 /* Info.plist */ = {isa = PBXFileReference; lastKnownFileType = text.plist.xml; path = Info.plist; sourceTree = "<group>"; };
/* End PBXFileReference section */

/* Begin PBXFrameworksBuildPhase section */
		08FD31701BF3D2F900D30625 /* Frameworks */ = {
			isa = PBXFrameworksBuildPhase;
			buildActionMask = 2147483647;
			files = (
			);
			runOnlyForDeploymentPostprocessing = 0;
		};
		08FD31891BF3D3D400D30625 /* Frameworks */ = {
			isa = PBXFrameworksBuildPhase;
			buildActionMask = 2147483647;
			files = (
			);
			runOnlyForDeploymentPostprocessing = 0;
		};
/* End PBXFrameworksBuildPhase section */

/* Begin PBXGroup section */
		08292F121BF8CEF50055F357 /* Downloading */ = {
			isa = PBXGroup;
			children = (
				08292F1B1BF8CFD60055F357 /* BackgroundDownloader.swift */,
				08292F1C1BF8CFD60055F357 /* ForegroundDownloader.swift */,
			);
			name = Downloading;
			sourceTree = "<group>";
		};
		08292F131BF8CF020055F357 /* Support */ = {
			isa = PBXGroup;
			children = (
				08292F171BF8CFCD0055F357 /* Constants.swift */,
				08292F181BF8CFCD0055F357 /* Logger.swift */,
			);
			name = Support;
			sourceTree = "<group>";
		};
		08292F141BF8CF170055F357 /* UI */ = {
			isa = PBXGroup;
			children = (
				08FD317D1BF3D2F900D30625 /* Assets.xcassets */,
				08FD317F1BF3D2F900D30625 /* LaunchScreen.storyboard */,
				08FD317A1BF3D2F900D30625 /* Main.storyboard */,
			);
			name = UI;
			sourceTree = "<group>";
		};
		08292F161BF8CF410055F357 /* Build Stuff */ = {
			isa = PBXGroup;
			children = (
				08292F231BF8D0A50055F357 /* TwentyOne.entitlements */,
				08FD31821BF3D2F900D30625 /* Info.plist */,
			);
			name = "Build Stuff";
			sourceTree = "<group>";
		};
		08F9669D1BF799F2007C9E2A /* Icon Views */ = {
			isa = PBXGroup;
			children = (
				08F966A81BF7A43A007C9E2A /* ProceduralImages.swift */,
				08F9669B1BF799EB007C9E2A /* SafariStepIconView.swift */,
				08F9669E1BF79A43007C9E2A /* SettingsStepIconView.swift */,
				08F966A21BF79A7C007C9E2A /* TwentyOneStepIconView.swift */,
				08F966AA1BF7A499007C9E2A /* TwentyOneHeaderIconView.swift */,
				08F966A01BF79A61007C9E2A /* ContentBlockerStepIconView.swift */,
			);
			name = "Icon Views";
			sourceTree = "<group>";
		};
		08FD316A1BF3D2F900D30625 = {
			isa = PBXGroup;
			children = (
				08FD31751BF3D2F900D30625 /* TwentyOne */,
				08FD318D1BF3D3D400D30625 /* ContentBlocker */,
				08FD31741BF3D2F900D30625 /* Products */,
			);
			sourceTree = "<group>";
		};
		08FD31741BF3D2F900D30625 /* Products */ = {
			isa = PBXGroup;
			children = (
				08FD31731BF3D2F900D30625 /* Twenty One.app */,
				08FD318C1BF3D3D400D30625 /* TwentyOneContentBlocker.appex */,
			);
			name = Products;
			sourceTree = "<group>";
		};
		08FD31751BF3D2F900D30625 /* TwentyOne */ = {
			isa = PBXGroup;
			children = (
				08FD31761BF3D2F900D30625 /* AppDelegate.swift */,
				08F02EF11BF6C3E800B5E57E /* BlockListUpdater.swift */,
				08FD31781BF3D2F900D30625 /* ViewController.swift */,
				08292F161BF8CF410055F357 /* Build Stuff */,
				08292F121BF8CEF50055F357 /* Downloading */,
				08F9669D1BF799F2007C9E2A /* Icon Views */,
				08292F131BF8CF020055F357 /* Support */,
				08292F141BF8CF170055F357 /* UI */,
			);
			path = TwentyOne;
			sourceTree = "<group>";
		};
		08FD318D1BF3D3D400D30625 /* ContentBlocker */ = {
			isa = PBXGroup;
			children = (
				08292F0F1BF7D8260055F357 /* blockerList.json */,
				08FD31901BF3D3D400D30625 /* ActionRequestHandler.swift */,
				08292F1F1BF8D03D0055F357 /* TwentyOneContentBlocker.entitlements */,
				08FD31921BF3D3D400D30625 /* Info.plist */,
			);
			path = ContentBlocker;
			sourceTree = "<group>";
		};
/* End PBXGroup section */

/* Begin PBXNativeTarget section */
		08FD31721BF3D2F900D30625 /* TwentyOne */ = {
			isa = PBXNativeTarget;
			buildConfigurationList = 08FD31851BF3D2F900D30625 /* Build configuration list for PBXNativeTarget "TwentyOne" */;
			buildPhases = (
				08FD316F1BF3D2F900D30625 /* Sources */,
				08FD31701BF3D2F900D30625 /* Frameworks */,
				08FD31711BF3D2F900D30625 /* Resources */,
				08FD31991BF3D3D400D30625 /* Embed App Extensions */,
			);
			buildRules = (
			);
			dependencies = (
				08FD31941BF3D3D400D30625 /* PBXTargetDependency */,
			);
			name = TwentyOne;
			productName = TwentyOne;
			productReference = 08FD31731BF3D2F900D30625 /* Twenty One.app */;
			productType = "com.apple.product-type.application";
		};
		08FD318B1BF3D3D400D30625 /* TwentyOneContentBlocker */ = {
			isa = PBXNativeTarget;
			buildConfigurationList = 08FD31961BF3D3D400D30625 /* Build configuration list for PBXNativeTarget "TwentyOneContentBlocker" */;
			buildPhases = (
				08FD31881BF3D3D400D30625 /* Sources */,
				08FD31891BF3D3D400D30625 /* Frameworks */,
				08FD318A1BF3D3D400D30625 /* Resources */,
			);
			buildRules = (
			);
			dependencies = (
			);
			name = TwentyOneContentBlocker;
			productName = ContentBlocker;
			productReference = 08FD318C1BF3D3D400D30625 /* TwentyOneContentBlocker.appex */;
			productType = "com.apple.product-type.app-extension";
		};
/* End PBXNativeTarget section */

/* Begin PBXProject section */
		08FD316B1BF3D2F900D30625 /* Project object */ = {
			isa = PBXProject;
			attributes = {
				LastSwiftUpdateCheck = 0710;
				LastUpgradeCheck = 0730;
				ORGANIZATIONNAME = "Greg Fiumara";
				TargetAttributes = {
					08FD31721BF3D2F900D30625 = {
						CreatedOnToolsVersion = 7.1;
						DevelopmentTeam = SELUQ362Q4;
						SystemCapabilities = {
							com.apple.ApplicationGroups.iOS = {
								enabled = 1;
							};
							com.apple.BackgroundModes = {
								enabled = 1;
							};
						};
					};
					08FD318B1BF3D3D400D30625 = {
						CreatedOnToolsVersion = 7.1;
						DevelopmentTeam = SELUQ362Q4;
						SystemCapabilities = {
							com.apple.ApplicationGroups.iOS = {
								enabled = 1;
							};
						};
					};
				};
			};
			buildConfigurationList = 08FD316E1BF3D2F900D30625 /* Build configuration list for PBXProject "TwentyOne" */;
			compatibilityVersion = "Xcode 3.2";
			developmentRegion = English;
			hasScannedForEncodings = 0;
			knownRegions = (
				en,
				Base,
			);
			mainGroup = 08FD316A1BF3D2F900D30625;
			productRefGroup = 08FD31741BF3D2F900D30625 /* Products */;
			projectDirPath = "";
			projectRoot = "";
			targets = (
				08FD31721BF3D2F900D30625 /* TwentyOne */,
				08FD318B1BF3D3D400D30625 /* TwentyOneContentBlocker */,
			);
		};
/* End PBXProject section */

/* Begin PBXResourcesBuildPhase section */
		08FD31711BF3D2F900D30625 /* Resources */ = {
			isa = PBXResourcesBuildPhase;
			buildActionMask = 2147483647;
			files = (
				08292F241BF8D0A50055F357 /* TwentyOne.entitlements in Resources */,
				08292F201BF8D03D0055F357 /* TwentyOneContentBlocker.entitlements in Resources */,
				08FD31811BF3D2F900D30625 /* LaunchScreen.storyboard in Resources */,
				08FD317E1BF3D2F900D30625 /* Assets.xcassets in Resources */,
				08FD317C1BF3D2F900D30625 /* Main.storyboard in Resources */,
			);
			runOnlyForDeploymentPostprocessing = 0;
		};
		08FD318A1BF3D3D400D30625 /* Resources */ = {
			isa = PBXResourcesBuildPhase;
			buildActionMask = 2147483647;
			files = (
				08292F111BF7D82D0055F357 /* blockerList.json in Resources */,
			);
			runOnlyForDeploymentPostprocessing = 0;
		};
/* End PBXResourcesBuildPhase section */

/* Begin PBXSourcesBuildPhase section */
		08FD316F1BF3D2F900D30625 /* Sources */ = {
			isa = PBXSourcesBuildPhase;
			buildActionMask = 2147483647;
			files = (
				08292F1D1BF8CFD60055F357 /* BackgroundDownloader.swift in Sources */,
				08F9669C1BF799EB007C9E2A /* SafariStepIconView.swift in Sources */,
				08F966A91BF7A43A007C9E2A /* ProceduralImages.swift in Sources */,
				08F9669F1BF79A43007C9E2A /* SettingsStepIconView.swift in Sources */,
				08F966A11BF79A61007C9E2A /* ContentBlockerStepIconView.swift in Sources */,
				08F966AB1BF7A499007C9E2A /* TwentyOneHeaderIconView.swift in Sources */,
				08FD31791BF3D2F900D30625 /* ViewController.swift in Sources */,
				08FD31771BF3D2F900D30625 /* AppDelegate.swift in Sources */,
				08292F1A1BF8CFCD0055F357 /* Logger.swift in Sources */,
				08292F1E1BF8CFD60055F357 /* ForegroundDownloader.swift in Sources */,
				08F966A31BF79A7C007C9E2A /* TwentyOneStepIconView.swift in Sources */,
				08F02EF21BF6C3E800B5E57E /* BlockListUpdater.swift in Sources */,
				08292F191BF8CFCD0055F357 /* Constants.swift in Sources */,
			);
			runOnlyForDeploymentPostprocessing = 0;
		};
		08FD31881BF3D3D400D30625 /* Sources */ = {
			isa = PBXSourcesBuildPhase;
			buildActionMask = 2147483647;
			files = (
				08FD31911BF3D3D400D30625 /* ActionRequestHandler.swift in Sources */,
				08292F251BF8D0BB0055F357 /* Constants.swift in Sources */,
			);
			runOnlyForDeploymentPostprocessing = 0;
		};
/* End PBXSourcesBuildPhase section */

/* Begin PBXTargetDependency section */
		08FD31941BF3D3D400D30625 /* PBXTargetDependency */ = {
			isa = PBXTargetDependency;
			target = 08FD318B1BF3D3D400D30625 /* TwentyOneContentBlocker */;
			targetProxy = 08FD31931BF3D3D400D30625 /* PBXContainerItemProxy */;
		};
/* End PBXTargetDependency section */

/* Begin PBXVariantGroup section */
		08FD317A1BF3D2F900D30625 /* Main.storyboard */ = {
			isa = PBXVariantGroup;
			children = (
				08FD317B1BF3D2F900D30625 /* Base */,
			);
			name = Main.storyboard;
			sourceTree = "<group>";
		};
		08FD317F1BF3D2F900D30625 /* LaunchScreen.storyboard */ = {
			isa = PBXVariantGroup;
			children = (
				08FD31801BF3D2F900D30625 /* Base */,
			);
			name = LaunchScreen.storyboard;
			sourceTree = "<group>";
		};
/* End PBXVariantGroup section */

/* Begin XCBuildConfiguration section */
		08FD31831BF3D2F900D30625 /* Debug */ = {
			isa = XCBuildConfiguration;
			buildSettings = {
				ALWAYS_SEARCH_USER_PATHS = NO;
				CLANG_CXX_LANGUAGE_STANDARD = "gnu++0x";
				CLANG_CXX_LIBRARY = "libc++";
				CLANG_ENABLE_MODULES = YES;
				CLANG_ENABLE_OBJC_ARC = YES;
				CLANG_WARN_BOOL_CONVERSION = YES;
				CLANG_WARN_CONSTANT_CONVERSION = YES;
				CLANG_WARN_DIRECT_OBJC_ISA_USAGE = YES_ERROR;
				CLANG_WARN_EMPTY_BODY = YES;
				CLANG_WARN_ENUM_CONVERSION = YES;
				CLANG_WARN_INT_CONVERSION = YES;
				CLANG_WARN_OBJC_ROOT_CLASS = YES_ERROR;
				CLANG_WARN_UNREACHABLE_CODE = YES;
				CLANG_WARN__DUPLICATE_METHOD_MATCH = YES;
				"CODE_SIGN_IDENTITY[sdk=iphoneos*]" = "iPhone Developer";
				COPY_PHASE_STRIP = NO;
				DEBUG_INFORMATION_FORMAT = dwarf;
				ENABLE_STRICT_OBJC_MSGSEND = YES;
				ENABLE_TESTABILITY = YES;
				GCC_C_LANGUAGE_STANDARD = gnu99;
				GCC_DYNAMIC_NO_PIC = NO;
				GCC_NO_COMMON_BLOCKS = YES;
				GCC_OPTIMIZATION_LEVEL = 0;
				GCC_PREPROCESSOR_DEFINITIONS = (
					"DEBUG=1",
					"$(inherited)",
				);
				GCC_WARN_64_TO_32_BIT_CONVERSION = YES;
				GCC_WARN_ABOUT_RETURN_TYPE = YES_ERROR;
				GCC_WARN_UNDECLARED_SELECTOR = YES;
				GCC_WARN_UNINITIALIZED_AUTOS = YES_AGGRESSIVE;
				GCC_WARN_UNUSED_FUNCTION = YES;
				GCC_WARN_UNUSED_VARIABLE = YES;
				IPHONEOS_DEPLOYMENT_TARGET = 9.0;
				MTL_ENABLE_DEBUG_INFO = YES;
				ONLY_ACTIVE_ARCH = YES;
				OTHER_SWIFT_FLAGS = "-DDEBUG";
				SDKROOT = iphoneos;
				SWIFT_OPTIMIZATION_LEVEL = "-Onone";
				TWENTYONE_BUILD_VERSION = 6;
				TWENTYONE_DISPLAY_VERSION = 1.0.1;
				VALID_ARCHS = arm64;
			};
			name = Debug;
		};
		08FD31841BF3D2F900D30625 /* Release */ = {
			isa = XCBuildConfiguration;
			buildSettings = {
				ALWAYS_SEARCH_USER_PATHS = NO;
				CLANG_CXX_LANGUAGE_STANDARD = "gnu++0x";
				CLANG_CXX_LIBRARY = "libc++";
				CLANG_ENABLE_MODULES = YES;
				CLANG_ENABLE_OBJC_ARC = YES;
				CLANG_WARN_BOOL_CONVERSION = YES;
				CLANG_WARN_CONSTANT_CONVERSION = YES;
				CLANG_WARN_DIRECT_OBJC_ISA_USAGE = YES_ERROR;
				CLANG_WARN_EMPTY_BODY = YES;
				CLANG_WARN_ENUM_CONVERSION = YES;
				CLANG_WARN_INT_CONVERSION = YES;
				CLANG_WARN_OBJC_ROOT_CLASS = YES_ERROR;
				CLANG_WARN_UNREACHABLE_CODE = YES;
				CLANG_WARN__DUPLICATE_METHOD_MATCH = YES;
				"CODE_SIGN_IDENTITY[sdk=iphoneos*]" = "iPhone Developer";
				COPY_PHASE_STRIP = NO;
				DEBUG_INFORMATION_FORMAT = "dwarf-with-dsym";
				ENABLE_NS_ASSERTIONS = NO;
				ENABLE_STRICT_OBJC_MSGSEND = YES;
				GCC_C_LANGUAGE_STANDARD = gnu99;
				GCC_NO_COMMON_BLOCKS = YES;
				GCC_WARN_64_TO_32_BIT_CONVERSION = YES;
				GCC_WARN_ABOUT_RETURN_TYPE = YES_ERROR;
				GCC_WARN_UNDECLARED_SELECTOR = YES;
				GCC_WARN_UNINITIALIZED_AUTOS = YES_AGGRESSIVE;
				GCC_WARN_UNUSED_FUNCTION = YES;
				GCC_WARN_UNUSED_VARIABLE = YES;
				IPHONEOS_DEPLOYMENT_TARGET = 9.0;
				MTL_ENABLE_DEBUG_INFO = NO;
				OTHER_SWIFT_FLAGS = "";
				SDKROOT = iphoneos;
				TWENTYONE_BUILD_VERSION = 6;
				TWENTYONE_DISPLAY_VERSION = 1.0.1;
				VALIDATE_PRODUCT = YES;
				VALID_ARCHS = arm64;
			};
			name = Release;
		};
		08FD31861BF3D2F900D30625 /* Debug */ = {
			isa = XCBuildConfiguration;
			buildSettings = {
				ASSETCATALOG_COMPILER_APPICON_NAME = AppIcon;
				CODE_SIGN_ENTITLEMENTS = TwentyOne/entitlements/TwentyOne.entitlements;
				CODE_SIGN_IDENTITY = "iPhone Developer";
				"CODE_SIGN_IDENTITY[sdk=iphoneos*]" = "iPhone Developer";
				EMBEDDED_CONTENT_CONTAINS_SWIFT = YES;
				INFOPLIST_FILE = TwentyOne/Info.plist;
				LD_RUNPATH_SEARCH_PATHS = "$(inherited) @executable_path/Frameworks";
				PRODUCT_BUNDLE_IDENTIFIER = com.gregfiumara.twentyone;
				PRODUCT_NAME = "Twenty One";
				PROVISIONING_PROFILE = "";
				TARGETED_DEVICE_FAMILY = "1,2";
			};
			name = Debug;
		};
		08FD31871BF3D2F900D30625 /* Release */ = {
			isa = XCBuildConfiguration;
			buildSettings = {
				ASSETCATALOG_COMPILER_APPICON_NAME = AppIcon;
				CODE_SIGN_ENTITLEMENTS = TwentyOne/entitlements/TwentyOne.entitlements;
				CODE_SIGN_IDENTITY = "iPhone Developer";
				"CODE_SIGN_IDENTITY[sdk=iphoneos*]" = "iPhone Developer";
				EMBEDDED_CONTENT_CONTAINS_SWIFT = YES;
				INFOPLIST_FILE = TwentyOne/Info.plist;
				LD_RUNPATH_SEARCH_PATHS = "$(inherited) @executable_path/Frameworks";
				PRODUCT_BUNDLE_IDENTIFIER = com.gregfiumara.twentyone;
				PRODUCT_NAME = "Twenty One";
				PROVISIONING_PROFILE = "";
				TARGETED_DEVICE_FAMILY = "1,2";
			};
			name = Release;
		};
		08FD31971BF3D3D400D30625 /* Debug */ = {
			isa = XCBuildConfiguration;
			buildSettings = {
				CODE_SIGN_ENTITLEMENTS = TwentyOne/entitlements/TwentyOneContentBlocker.entitlements;
				CODE_SIGN_IDENTITY = "iPhone Developer";
				"CODE_SIGN_IDENTITY[sdk=iphoneos*]" = "iPhone Developer";
				INFOPLIST_FILE = ContentBlocker/Info.plist;
				IPHONEOS_DEPLOYMENT_TARGET = 9.0;
				LD_RUNPATH_SEARCH_PATHS = "$(inherited) @executable_path/Frameworks @executable_path/../../Frameworks";
				PRODUCT_BUNDLE_IDENTIFIER = com.gregfiumara.twentyone.contentblocker;
				PRODUCT_NAME = "$(TARGET_NAME)";
				PROVISIONING_PROFILE = "";
				SKIP_INSTALL = YES;
			};
			name = Debug;
		};
		08FD31981BF3D3D400D30625 /* Release */ = {
			isa = XCBuildConfiguration;
			buildSettings = {
				CODE_SIGN_ENTITLEMENTS = TwentyOne/entitlements/TwentyOneContentBlocker.entitlements;
				CODE_SIGN_IDENTITY = "iPhone Developer";
				"CODE_SIGN_IDENTITY[sdk=iphoneos*]" = "iPhone Developer";
				INFOPLIST_FILE = ContentBlocker/Info.plist;
				IPHONEOS_DEPLOYMENT_TARGET = 9.0;
				LD_RUNPATH_SEARCH_PATHS = "$(inherited) @executable_path/Frameworks @executable_path/../../Frameworks";
				PRODUCT_BUNDLE_IDENTIFIER = com.gregfiumara.twentyone.contentblocker;
				PRODUCT_NAME = "$(TARGET_NAME)";
				PROVISIONING_PROFILE = "";
				SKIP_INSTALL = YES;
			};
			name = Release;
		};
/* End XCBuildConfiguration section */

/* Begin XCConfigurationList section */
		08FD316E1BF3D2F900D30625 /* Build configuration list for PBXProject "TwentyOne" */ = {
			isa = XCConfigurationList;
			buildConfigurations = (
				08FD31831BF3D2F900D30625 /* Debug */,
				08FD31841BF3D2F900D30625 /* Release */,
			);
			defaultConfigurationIsVisible = 0;
			defaultConfigurationName = Release;
		};
		08FD31851BF3D2F900D30625 /* Build configuration list for PBXNativeTarget "TwentyOne" */ = {
			isa = XCConfigurationList;
			buildConfigurations = (
				08FD31861BF3D2F900D30625 /* Debug */,
				08FD31871BF3D2F900D30625 /* Release */,
			);
			defaultConfigurationIsVisible = 0;
			defaultConfigurationName = Release;
		};
		08FD31961BF3D3D400D30625 /* Build configuration list for PBXNativeTarget "TwentyOneContentBlocker" */ = {
			isa = XCConfigurationList;
			buildConfigurations = (
				08FD31971BF3D3D400D30625 /* Debug */,
				08FD31981BF3D3D400D30625 /* Release */,
			);
			defaultConfigurationIsVisible = 0;
			defaultConfigurationName = Release;
		};
/* End XCConfigurationList section */
	};
	rootObject = 08FD316B1BF3D2F900D30625 /* Project object */;
}
